// !$*UTF8*$!
{
	archiveVersion = 1;
	classes = {
	};
	objectVersion = 56;
	objects = {

/* Begin PBXBuildFile section */
		30877432D1026706D7E805DA /* BGProbeApp.swift in Sources */ = {isa = PBXBuildFile; fileRef = 73C8EB5BB682575EC87A171A /* BGProbeApp.swift */; };
		846A32C3BB81E3C29B621792 /* ContentView.swift in Sources */ = {isa = PBXBuildFile; fileRef = C826A6FCE48478DCB74F2134 /* ContentView.swift */; };
/* End PBXBuildFile section */

/* Begin PBXFileReference section */
		73C8EB5BB682575EC87A171A /* BGProbeApp.swift */ = {isa = PBXFileReference; lastKnownFileType = sourcecode.swift; path = BGProbeApp.swift; sourceTree = "<group>"; };
		C826A6FCE48478DCB74F2134 /* ContentView.swift */ = {isa = PBXFileReference; lastKnownFileType = sourcecode.swift; path = ContentView.swift; sourceTree = "<group>"; };
		5D2CCE8038A39D5E0853964B /* Info-Additions.plist */ = {isa = PBXFileReference; lastKnownFileType = text.plist.xml; path = "Info-Additions.plist"; sourceTree = "<group>"; };
		50AF03B971722F244F58D669 /* BGProbe.app */ = {isa = PBXFileReference; explicitFileType = wrapper.application; includeInIndex = 0; path = BGProbe.app; sourceTree = BUILT_PRODUCTS_DIR; };
/* End PBXFileReference section */

/* Begin PBXFrameworksBuildPhase section */
		CBEE3772A077021721A278F6 /* Frameworks */ = {
			isa = PBXFrameworksBuildPhase;
			buildActionMask = 2147483647;
			files = (
			);
			runOnlyForDeploymentPostprocessing = 0;
		};
/* End PBXFrameworksBuildPhase section */

/* Begin PBXGroup section */
		E9DF469611A11F5125227C37 = {
			isa = PBXGroup;
			children = (
				12DA86A78C49EA20E32684B2 /* BGProbe */,
				7B95E909348334896A68F812 /* Products */,
			);
			sourceTree = "<group>";
		};
		12DA86A78C49EA20E32684B2 /* BGProbe */ = {
			isa = PBXGroup;
			children = (
				73C8EB5BB682575EC87A171A /* BGProbeApp.swift */,
				C826A6FCE48478DCB74F2134 /* ContentView.swift */,
				5D2CCE8038A39D5E0853964B /* Info-Additions.plist */,
			);
			path = BGProbe;
			sourceTree = "<group>";
		};
		7B95E909348334896A68F812 /* Products */ = {
			isa = PBXGroup;
			children = (
				50AF03B971722F244F58D669 /* BGProbe.app */,
			);
			name = Products;
			sourceTree = "<group>";
		};
/* End PBXGroup section */

/* Begin PBXNativeTarget section */
		D810A485ED03241B4D419B1B /* BGProbe */ = {
			isa = PBXNativeTarget;
			buildConfigurationList = 47C462DDAED16DC0CF0B9CD7 /* Build configuration list for PBXNativeTarget "BGProbe" */;
			buildPhases = (
				D58E72E310275DFF6C15C0C8 /* Sources */,
				CBEE3772A077021721A278F6 /* Frameworks */,
				4F7FD633DBDDE131CA3766E4 /* Resources */,
			);
			buildRules = (
			);
			dependencies = (
			);
			name = BGProbe;
			productName = BGProbe;
			productReference = 50AF03B971722F244F58D669 /* BGProbe.app */;
			productType = "com.apple.product-type.application";
		};
/* End PBXNativeTarget section */

/* Begin PBXProject section */
		673BD4755D05AD7853C1F76E /* Project object */ = {
			isa = PBXProject;
			attributes = {
				BuildIndependentTargetsInParallel = 1;
				LastSwiftUpdateCheck = 1620;
				LastUpgradeCheck = 1620;
				TargetAttributes = {
					D810A485ED03241B4D419B1B = {
						CreatedOnToolsVersion = 16.2;
					};
				};
			};
			buildConfigurationList = 4EAEDE5FE878F78E2978AA24 /* Build configuration list for PBXProject "BGProbe" */;
			compatibilityVersion = "Xcode 14.0";
			developmentRegion = en;
			hasScannedForEncodings = 0;
			knownRegions = (
				en,
				Base,
			);
			mainGroup = E9DF469611A11F5125227C37;
			productRefGroup = 7B95E909348334896A68F812 /* Products */;
			projectDirPath = "";
			projectRoot = "";
			targets = (
				D810A485ED03241B4D419B1B /* BGProbe */,
			);
		};
/* End PBXProject section */

/* Begin PBXResourcesBuildPhase section */
		4F7FD633DBDDE131CA3766E4 /* Resources */ = {
			isa = PBXResourcesBuildPhase;
			buildActionMask = 2147483647;
			files = (
			);
			runOnlyForDeploymentPostprocessing = 0;
		};
/* End PBXResourcesBuildPhase section */

/* Begin PBXSourcesBuildPhase section */
		D58E72E310275DFF6C15C0C8 /* Sources */ = {
			isa = PBXSourcesBuildPhase;
			buildActionMask = 2147483647;
			files = (
				30877432D1026706D7E805DA /* BGProbeApp.swift in Sources */,
				846A32C3BB81E3C29B621792 /* ContentView.swift in Sources */,
			);
			runOnlyForDeploymentPostprocessing = 0;
		};
/* End PBXSourcesBuildPhase section */

/* Begin XCBuildConfiguration section */
		B97706CA828BCA0385813DBA /* Debug */ = {
			isa = XCBuildConfiguration;
			buildSettings = {
				ALWAYS_SEARCH_USER_PATHS = NO;
				CLANG_ENABLE_MODULES = YES;
				CLANG_ENABLE_OBJC_ARC = YES;
				CLANG_ENABLE_OBJC_WEAK = YES;
				CODE_SIGN_IDENTITY = "Apple Development";
				COPY_PHASE_STRIP = NO;
				DEBUG_INFORMATION_FORMAT = dwarf;
				ENABLE_STRICT_OBJC_MSGSEND = YES;
				ENABLE_TESTABILITY = YES;
				GCC_C_LANGUAGE_STANDARD = gnu17;
				GCC_DYNAMIC_NO_PIC = NO;
				GCC_NO_COMMON_BLOCKS = YES;
				GCC_OPTIMIZATION_LEVEL = 0;
				GCC_PREPROCESSOR_DEFINITIONS = (
					"DEBUG=1",
					"$(inherited)",
				);
				IPHONEOS_DEPLOYMENT_TARGET = 17.2;
				MTL_ENABLE_DEBUG_INFO = INCLUDE_SOURCE;
				ONLY_ACTIVE_ARCH = YES;
				SDKROOT = iphoneos;
				SWIFT_ACTIVE_COMPILATION_CONDITIONS = DEBUG;
				SWIFT_OPTIMIZATION_LEVEL = "-Onone";
				SWIFT_VERSION = 5.0;
			};
			name = Debug;
		};
		D3C681D06BD2AA399DAC946D /* Release */ = {
			isa = XCBuildConfiguration;
			buildSettings = {
				ALWAYS_SEARCH_USER_PATHS = NO;
				CLANG_ENABLE_MODULES = YES;
				CLANG_ENABLE_OBJC_ARC = YES;
				CLANG_ENABLE_OBJC_WEAK = YES;
				CODE_SIGN_IDENTITY = "Apple Development";
				COPY_PHASE_STRIP = NO;
				DEBUG_INFORMATION_FORMAT = "dwarf-with-dsym";
				ENABLE_NS_ASSERTIONS = NO;
				ENABLE_STRICT_OBJC_MSGSEND = YES;
				GCC_C_LANGUAGE_STANDARD = gnu17;
				GCC_NO_COMMON_BLOCKS = YES;
				IPHONEOS_DEPLOYMENT_TARGET = 17.2;
				MTL_ENABLE_DEBUG_INFO = NO;
				SDKROOT = iphoneos;
				SWIFT_COMPILATION_MODE = wholemodule;
				SWIFT_VERSION = 5.0;
			};
			name = Release;
		};
		C59C0996DAEEE6F529A27976 /* Debug */ = {
			isa = XCBuildConfiguration;
			buildSettings = {
				ASSETCATALOG_COMPILER_GENERATE_SWIFT_ASSET_SYMBOL_EXTENSIONS = YES;
				CODE_SIGN_STYLE = Automatic;
				CURRENT_PROJECT_VERSION = 1;
				DEVELOPMENT_TEAM = JGW9U9Y36Y;
				ENABLE_PREVIEWS = YES;
				GENERATE_INFOPLIST_FILE = YES;
				INFOPLIST_FILE = "BGProbe/Info-Additions.plist";
				"INFOPLIST_KEY_UIApplicationSceneManifest_Generation[sdk=iphoneos*]" = YES;
				"INFOPLIST_KEY_UILaunchScreen_Generation[sdk=iphoneos*]" = YES;
				INFOPLIST_KEY_UISupportedInterfaceOrientations_iPhone = "UIInterfaceOrientationPortrait";
				LD_RUNPATH_SEARCH_PATHS = "@executable_path/Frameworks";
				MARKETING_VERSION = 1.0;
				PRODUCT_BUNDLE_IDENTIFIER = com.geyko.bgprobe;
				PRODUCT_NAME = "$(TARGET_NAME)";
				SWIFT_EMIT_LOC_STRINGS = YES;
				TARGETED_DEVICE_FAMILY = "1,2";
			};
			name = Debug;
		};
		4017F2ED6CFC7403D75E173E /* Release */ = {
			isa = XCBuildConfiguration;
			buildSettings = {
				ASSETCATALOG_COMPILER_GENERATE_SWIFT_ASSET_SYMBOL_EXTENSIONS = YES;
				CODE_SIGN_STYLE = Automatic;
				CURRENT_PROJECT_VERSION = 1;
				DEVELOPMENT_TEAM = JGW9U9Y36Y;
				ENABLE_PREVIEWS = YES;
				GENERATE_INFOPLIST_FILE = YES;
				INFOPLIST_FILE = "BGProbe/Info-Additions.plist";
				"INFOPLIST_KEY_UIApplicationSceneManifest_Generation[sdk=iphoneos*]" = YES;
				"INFOPLIST_KEY_UILaunchScreen_Generation[sdk=iphoneos*]" = YES;
				INFOPLIST_KEY_UISupportedInterfaceOrientations_iPhone = "UIInterfaceOrientationPortrait";
				LD_RUNPATH_SEARCH_PATHS = "@executable_path/Frameworks";
				MARKETING_VERSION = 1.0;
				PRODUCT_BUNDLE_IDENTIFIER = com.geyko.bgprobe;
				PRODUCT_NAME = "$(TARGET_NAME)";
				SWIFT_EMIT_LOC_STRINGS = YES;
				TARGETED_DEVICE_FAMILY = "1,2";
			};
			name = Release;
		};
/* End XCBuildConfiguration section */

/* Begin XCConfigurationList section */
		4EAEDE5FE878F78E2978AA24 /* Build configuration list for PBXProject "BGProbe" */ = {
			isa = XCConfigurationList;
			buildConfigurations = (
				B97706CA828BCA0385813DBA /* Debug */,
				D3C681D06BD2AA399DAC946D /* Release */,
			);
			defaultConfigurationIsVisible = 0;
			defaultConfigurationName = Release;
		};
		47C462DDAED16DC0CF0B9CD7 /* Build configuration list for PBXNativeTarget "BGProbe" */ = {
			isa = XCConfigurationList;
			buildConfigurations = (
				C59C0996DAEEE6F529A27976 /* Debug */,
				4017F2ED6CFC7403D75E173E /* Release */,
			);
			defaultConfigurationIsVisible = 0;
			defaultConfigurationName = Release;
		};
/* End XCConfigurationList section */
	};
	rootObject = 673BD4755D05AD7853C1F76E /* Project object */;
}
